
Microsoft Visual Studio Solution File, Format Version 12.00
# Visual Studio Version 17
VisualStudioVersion = 17.0.31903.59
MinimumVisualStudioVersion = 10.0.40219.1
Project("{FAE04EC0-301F-11D3-BF4B-00C04F79EFBC}") = "AgentA", "AgentA\AgentA.csproj", "{A5D98CCF-AE82-4E42-B11D-EA757D8653F1}"
EndProject
Project("{FAE04EC0-301F-11D3-BF4B-00C04F79EFBC}") = "AgentB", "AgentB\AgentB.csproj", "{CD93FACF-C8E6-4A90-A8AD-B3F51B5357B0}"
EndProject
Project("{FAE04EC0-301F-11D3-BF4B-00C04F79EFBC}") = "Master", "Master\Master.csproj", "{B3A11426-6076-4DE1-9D9E-B66FDE50955C}"
EndProject
Global
	GlobalSection(SolutionConfigurationPlatforms) = preSolution
		Debug|Any CPU = Debug|Any CPU
		Release|Any CPU = Release|Any CPU
	EndGlobalSection
	GlobalSection(SolutionProperties) = preSolution
		HideSolutionNode = FALSE
	EndGlobalSection
	GlobalSection(ProjectConfigurationPlatforms) = postSolution
		{A5D98CCF-AE82-4E42-B11D-EA757D8653F1}.Debug|Any CPU.ActiveCfg = Debug|Any CPU
		{A5D98CCF-AE82-4E42-B11D-EA757D8653F1}.Debug|Any CPU.Build.0 = Debug|Any CPU
		{A5D98CCF-AE82-4E42-B11D-EA757D8653F1}.Release|Any CPU.ActiveCfg = Release|Any CPU
		{A5D98CCF-AE82-4E42-B11D-EA757D8653F1}.Release|Any CPU.Build.0 = Release|Any CPU
		{CD93FACF-C8E6-4A90-A8AD-B3F51B5357B0}.Debug|Any CPU.ActiveCfg = Debug|Any CPU
		{CD93FACF-C8E6-4A90-A8AD-B3F51B5357B0}.Debug|Any CPU.Build.0 = Debug|Any CPU
		{CD93FACF-C8E6-4A90-A8AD-B3F51B5357B0}.Release|Any CPU.ActiveCfg = Release|Any CPU
		{CD93FACF-C8E6-4A90-A8AD-B3F51B5357B0}.Release|Any CPU.Build.0 = Release|Any CPU
		{B3A11426-6076-4DE1-9D9E-B66FDE50955C}.Debug|Any CPU.ActiveCfg = Debug|Any CPU
		{B3A11426-6076-4DE1-9D9E-B66FDE50955C}.Debug|Any CPU.Build.0 = Debug|Any CPU
		{B3A11426-6076-4DE1-9D9E-B66FDE50955C}.Release|Any CPU.ActiveCfg = Release|Any CPU
		{B3A11426-6076-4DE1-9D9E-B66FDE50955C}.Release|Any CPU.Build.0 = Release|Any CPU
	EndGlobalSection
EndGlobal
